
Microsoft Visual Studio Solution File, Format Version 12.00
# Visual Studio Express 2012 for Windows Desktop
Project("{FAE04EC0-301F-11D3-BF4B-00C04F79EFBC}") = "Example1", "Example1\Example1.csproj", "{0EAA581E-5D22-439A-BD62-CE15DE980148}"
EndProject
Project("{FAE04EC0-301F-11D3-BF4B-00C04F79EFBC}") = "Example2", "Example2\Example2.csproj", "{66D1802C-E6A9-4E11-AE7A-B62A5341C35B}"
EndProject
Project("{FAE04EC0-301F-11D3-BF4B-00C04F79EFBC}") = "Example3", "Example3\Example3.csproj", "{0144A755-FAD2-48C3-882A-3D61CA3BC15F}"
EndProject
Project("{FAE04EC0-301F-11D3-BF4B-00C04F79EFBC}") = "Example4", "Example4\Example4.csproj", "{F8740DA1-9587-4466-A363-98ED9AE72B60}"
EndProject
Project("{FAE04EC0-301F-11D3-BF4B-00C04F79EFBC}") = "Lab3", "LabSolution\Lab3.csproj", "{01385D94-A253-45A7-A76D-857A9ED8F1A7}"
EndProject
Global
	GlobalSection(SolutionConfigurationPlatforms) = preSolution
		Debug|Any CPU = Debug|Any CPU
		Debug|Mixed Platforms = Debug|Mixed Platforms
		Debug|x86 = Debug|x86
		Release|Any CPU = Release|Any CPU
		Release|Mixed Platforms = Release|Mixed Platforms
		Release|x86 = Release|x86
	EndGlobalSection
	GlobalSection(ProjectConfigurationPlatforms) = postSolution
		{0EAA581E-5D22-439A-BD62-CE15DE980148}.Debug|Any CPU.ActiveCfg = Debug|Any CPU
		{0EAA581E-5D22-439A-BD62-CE15DE980148}.Debug|Any CPU.Build.0 = Debug|Any CPU
		{0EAA581E-5D22-439A-BD62-CE15DE980148}.Debug|Mixed Platforms.ActiveCfg = Debug|Any CPU
		{0EAA581E-5D22-439A-BD62-CE15DE980148}.Debug|Mixed Platforms.Build.0 = Debug|Any CPU
		{0EAA581E-5D22-439A-BD62-CE15DE980148}.Debug|x86.ActiveCfg = Debug|Any CPU
		{0EAA581E-5D22-439A-BD62-CE15DE980148}.Release|Any CPU.ActiveCfg = Release|Any CPU
		{0EAA581E-5D22-439A-BD62-CE15DE980148}.Release|Any CPU.Build.0 = Release|Any CPU
		{0EAA581E-5D22-439A-BD62-CE15DE980148}.Release|Mixed Platforms.ActiveCfg = Release|Any CPU
		{0EAA581E-5D22-439A-BD62-CE15DE980148}.Release|Mixed Platforms.Build.0 = Release|Any CPU
		{0EAA581E-5D22-439A-BD62-CE15DE980148}.Release|x86.ActiveCfg = Release|Any CPU
		{66D1802C-E6A9-4E11-AE7A-B62A5341C35B}.Debug|Any CPU.ActiveCfg = Debug|Any CPU
		{66D1802C-E6A9-4E11-AE7A-B62A5341C35B}.Debug|Any CPU.Build.0 = Debug|Any CPU
		{66D1802C-E6A9-4E11-AE7A-B62A5341C35B}.Debug|Mixed Platforms.ActiveCfg = Debug|Any CPU
		{66D1802C-E6A9-4E11-AE7A-B62A5341C35B}.Debug|Mixed Platforms.Build.0 = Debug|Any CPU
		{66D1802C-E6A9-4E11-AE7A-B62A5341C35B}.Debug|x86.ActiveCfg = Debug|Any CPU
		{66D1802C-E6A9-4E11-AE7A-B62A5341C35B}.Release|Any CPU.ActiveCfg = Release|Any CPU
		{66D1802C-E6A9-4E11-AE7A-B62A5341C35B}.Release|Any CPU.Build.0 = Release|Any CPU
		{66D1802C-E6A9-4E11-AE7A-B62A5341C35B}.Release|Mixed Platforms.ActiveCfg = Release|Any CPU
		{66D1802C-E6A9-4E11-AE7A-B62A5341C35B}.Release|Mixed Platforms.Build.0 = Release|Any CPU
		{66D1802C-E6A9-4E11-AE7A-B62A5341C35B}.Release|x86.ActiveCfg = Release|Any CPU
		{0144A755-FAD2-48C3-882A-3D61CA3BC15F}.Debug|Any CPU.ActiveCfg = Debug|Any CPU
		{0144A755-FAD2-48C3-882A-3D61CA3BC15F}.Debug|Any CPU.Build.0 = Debug|Any CPU
		{0144A755-FAD2-48C3-882A-3D61CA3BC15F}.Debug|Mixed Platforms.ActiveCfg = Debug|Any CPU
		{0144A755-FAD2-48C3-882A-3D61CA3BC15F}.Debug|Mixed Platforms.Build.0 = Debug|Any CPU
		{0144A755-FAD2-48C3-882A-3D61CA3BC15F}.Debug|x86.ActiveCfg = Debug|Any CPU
		{0144A755-FAD2-48C3-882A-3D61CA3BC15F}.Release|Any CPU.ActiveCfg = Release|Any CPU
		{0144A755-FAD2-48C3-882A-3D61CA3BC15F}.Release|Any CPU.Build.0 = Release|Any CPU
		{0144A755-FAD2-48C3-882A-3D61CA3BC15F}.Release|Mixed Platforms.ActiveCfg = Release|Any CPU
		{0144A755-FAD2-48C3-882A-3D61CA3BC15F}.Release|Mixed Platforms.Build.0 = Release|Any CPU
		{0144A755-FAD2-48C3-882A-3D61CA3BC15F}.Release|x86.ActiveCfg = Release|Any CPU
		{F8740DA1-9587-4466-A363-98ED9AE72B60}.Debug|Any CPU.ActiveCfg = Debug|Any CPU
		{F8740DA1-9587-4466-A363-98ED9AE72B60}.Debug|Any CPU.Build.0 = Debug|Any CPU
		{F8740DA1-9587-4466-A363-98ED9AE72B60}.Debug|Mixed Platforms.ActiveCfg = Debug|Any CPU
		{F8740DA1-9587-4466-A363-98ED9AE72B60}.Debug|Mixed Platforms.Build.0 = Debug|Any CPU
		{F8740DA1-9587-4466-A363-98ED9AE72B60}.Debug|x86.ActiveCfg = Debug|Any CPU
		{F8740DA1-9587-4466-A363-98ED9AE72B60}.Release|Any CPU.ActiveCfg = Release|Any CPU
		{F8740DA1-9587-4466-A363-98ED9AE72B60}.Release|Any CPU.Build.0 = Release|Any CPU
		{F8740DA1-9587-4466-A363-98ED9AE72B60}.Release|Mixed Platforms.ActiveCfg = Release|Any CPU
		{F8740DA1-9587-4466-A363-98ED9AE72B60}.Release|Mixed Platforms.Build.0 = Release|Any CPU
		{F8740DA1-9587-4466-A363-98ED9AE72B60}.Release|x86.ActiveCfg = Release|Any CPU
		{01385D94-A253-45A7-A76D-857A9ED8F1A7}.Debug|Any CPU.ActiveCfg = Debug|x86
		{01385D94-A253-45A7-A76D-857A9ED8F1A7}.Debug|Mixed Platforms.ActiveCfg = Debug|x86
		{01385D94-A253-45A7-A76D-857A9ED8F1A7}.Debug|Mixed Platforms.Build.0 = Debug|x86
		{01385D94-A253-45A7-A76D-857A9ED8F1A7}.Debug|x86.ActiveCfg = Debug|x86
		{01385D94-A253-45A7-A76D-857A9ED8F1A7}.Debug|x86.Build.0 = Debug|x86
		{01385D94-A253-45A7-A76D-857A9ED8F1A7}.Release|Any CPU.ActiveCfg = Release|x86
		{01385D94-A253-45A7-A76D-857A9ED8F1A7}.Release|Mixed Platforms.ActiveCfg = Release|x86
		{01385D94-A253-45A7-A76D-857A9ED8F1A7}.Release|Mixed Platforms.Build.0 = Release|x86
		{01385D94-A253-45A7-A76D-857A9ED8F1A7}.Release|x86.ActiveCfg = Release|x86
		{01385D94-A253-45A7-A76D-857A9ED8F1A7}.Release|x86.Build.0 = Release|x86
	EndGlobalSection
	GlobalSection(SolutionProperties) = preSolution
		HideSolutionNode = FALSE
	EndGlobalSection
EndGlobal
