
Microsoft Visual Studio Solution File, Format Version 12.00
# Visual Studio Express 2012 for Windows Desktop
Project("{FAE04EC0-301F-11D3-BF4B-00C04F79EFBC}") = "VariablesAndValues", "VariablesAndValues\VariablesAndValues.csproj", "{32E44DCF-FF0A-47A9-B2DD-97A374BA6815}"
EndProject
Project("{FAE04EC0-301F-11D3-BF4B-00C04F79EFBC}") = "Lab1", "Lab1Solution\Lab1.csproj", "{519083C9-64CE-432D-9B56-E377298EFC68}"
EndProject
Project("{FAE04EC0-301F-11D3-BF4B-00C04F79EFBC}") = "Lab1_Extras", "Lab1SolutionWithUserIO\Lab1_Extras.csproj", "{472D7442-9BBA-43C3-8548-3A7F217DF279}"
EndProject
Global
	GlobalSection(SolutionConfigurationPlatforms) = preSolution
		Debug|Any CPU = Debug|Any CPU
		Debug|Mixed Platforms = Debug|Mixed Platforms
		Debug|x86 = Debug|x86
		Release|Any CPU = Release|Any CPU
		Release|Mixed Platforms = Release|Mixed Platforms
		Release|x86 = Release|x86
	EndGlobalSection
	GlobalSection(ProjectConfigurationPlatforms) = postSolution
		{32E44DCF-FF0A-47A9-B2DD-97A374BA6815}.Debug|Any CPU.ActiveCfg = Debug|x86
		{32E44DCF-FF0A-47A9-B2DD-97A374BA6815}.Debug|Mixed Platforms.ActiveCfg = Debug|x86
		{32E44DCF-FF0A-47A9-B2DD-97A374BA6815}.Debug|Mixed Platforms.Build.0 = Debug|x86
		{32E44DCF-FF0A-47A9-B2DD-97A374BA6815}.Debug|x86.ActiveCfg = Debug|x86
		{32E44DCF-FF0A-47A9-B2DD-97A374BA6815}.Debug|x86.Build.0 = Debug|x86
		{32E44DCF-FF0A-47A9-B2DD-97A374BA6815}.Release|Any CPU.ActiveCfg = Release|x86
		{32E44DCF-FF0A-47A9-B2DD-97A374BA6815}.Release|Mixed Platforms.ActiveCfg = Release|x86
		{32E44DCF-FF0A-47A9-B2DD-97A374BA6815}.Release|Mixed Platforms.Build.0 = Release|x86
		{32E44DCF-FF0A-47A9-B2DD-97A374BA6815}.Release|x86.ActiveCfg = Release|x86
		{32E44DCF-FF0A-47A9-B2DD-97A374BA6815}.Release|x86.Build.0 = Release|x86
		{519083C9-64CE-432D-9B56-E377298EFC68}.Debug|Any CPU.ActiveCfg = Debug|Any CPU
		{519083C9-64CE-432D-9B56-E377298EFC68}.Debug|Any CPU.Build.0 = Debug|Any CPU
		{519083C9-64CE-432D-9B56-E377298EFC68}.Debug|Mixed Platforms.ActiveCfg = Debug|Any CPU
		{519083C9-64CE-432D-9B56-E377298EFC68}.Debug|Mixed Platforms.Build.0 = Debug|Any CPU
		{519083C9-64CE-432D-9B56-E377298EFC68}.Debug|x86.ActiveCfg = Debug|Any CPU
		{519083C9-64CE-432D-9B56-E377298EFC68}.Release|Any CPU.ActiveCfg = Release|Any CPU
		{519083C9-64CE-432D-9B56-E377298EFC68}.Release|Any CPU.Build.0 = Release|Any CPU
		{519083C9-64CE-432D-9B56-E377298EFC68}.Release|Mixed Platforms.ActiveCfg = Release|Any CPU
		{519083C9-64CE-432D-9B56-E377298EFC68}.Release|Mixed Platforms.Build.0 = Release|Any CPU
		{519083C9-64CE-432D-9B56-E377298EFC68}.Release|x86.ActiveCfg = Release|Any CPU
		{472D7442-9BBA-43C3-8548-3A7F217DF279}.Debug|Any CPU.ActiveCfg = Debug|Any CPU
		{472D7442-9BBA-43C3-8548-3A7F217DF279}.Debug|Any CPU.Build.0 = Debug|Any CPU
		{472D7442-9BBA-43C3-8548-3A7F217DF279}.Debug|Mixed Platforms.ActiveCfg = Debug|Any CPU
		{472D7442-9BBA-43C3-8548-3A7F217DF279}.Debug|Mixed Platforms.Build.0 = Debug|Any CPU
		{472D7442-9BBA-43C3-8548-3A7F217DF279}.Debug|x86.ActiveCfg = Debug|Any CPU
		{472D7442-9BBA-43C3-8548-3A7F217DF279}.Release|Any CPU.ActiveCfg = Release|Any CPU
		{472D7442-9BBA-43C3-8548-3A7F217DF279}.Release|Any CPU.Build.0 = Release|Any CPU
		{472D7442-9BBA-43C3-8548-3A7F217DF279}.Release|Mixed Platforms.ActiveCfg = Release|Any CPU
		{472D7442-9BBA-43C3-8548-3A7F217DF279}.Release|Mixed Platforms.Build.0 = Release|Any CPU
		{472D7442-9BBA-43C3-8548-3A7F217DF279}.Release|x86.ActiveCfg = Release|Any CPU
	EndGlobalSection
	GlobalSection(SolutionProperties) = preSolution
		HideSolutionNode = FALSE
	EndGlobalSection
EndGlobal
